
Microsoft Visual Studio Solution File, Format Version 12.00
# Visual Studio Version 16
VisualStudioVersion = 16.0.29306.81
MinimumVisualStudioVersion = 10.0.40219.1
Project("{FAE04EC0-301F-11D3-BF4B-00C04F79EFBC}") = "XLS_Kuka", "XLS_Kuka\XLS_Kuka.csproj", "{890C9ED7-F93C-47FE-AE27-811F54ABE773}"
EndProject
Project("{2150E333-8FDC-42A3-9474-1A3956D46DE8}") = "Solution Items", "Solution Items", "{A5C749E5-717F-47B5-B4C1-A9AA08F5FFE7}"
EndProject
Global
	GlobalSection(SolutionConfigurationPlatforms) = preSolution
		Debug|Any CPU = Debug|Any CPU
		Release|Any CPU = Release|Any CPU
	EndGlobalSection
	GlobalSection(ProjectConfigurationPlatforms) = postSolution
		{890C9ED7-F93C-47FE-AE27-811F54ABE773}.Debug|Any CPU.ActiveCfg = Debug|Any CPU
		{890C9ED7-F93C-47FE-AE27-811F54ABE773}.Debug|Any CPU.Build.0 = Debug|Any CPU
		{890C9ED7-F93C-47FE-AE27-811F54ABE773}.Release|Any CPU.ActiveCfg = Release|Any CPU
		{890C9ED7-F93C-47FE-AE27-811F54ABE773}.Release|Any CPU.Build.0 = Release|Any CPU
	EndGlobalSection
	GlobalSection(SolutionProperties) = preSolution
		HideSolutionNode = FALSE
	EndGlobalSection
	GlobalSection(ExtensibilityGlobals) = postSolution
		SolutionGuid = {D46EE3B9-8190-4C00-8B5B-48FCCCDAFD78}
	EndGlobalSection
EndGlobal
